
Microsoft Visual Studio Solution File, Format Version 12.00
# Visual Studio 15
VisualStudioVersion = 15.0.27703.2026
MinimumVisualStudioVersion = 10.0.40219.1
Project("{8BC9CEB8-8B4A-11D0-8D11-00A0C91BC942}") = "planewar", "planewar\planewar.vcxproj", "{FFB789AB-90DD-4FBF-B0D8-8065E88BB2D5}"
EndProject
Global
	GlobalSection(SolutionConfigurationPlatforms) = preSolution
		Debug|x64 = Debug|x64
		Debug|x86 = Debug|x86
		Release|x64 = Release|x64
		Release|x86 = Release|x86
	EndGlobalSection
	GlobalSection(ProjectConfigurationPlatforms) = postSolution
		{FFB789AB-90DD-4FBF-B0D8-8065E88BB2D5}.Debug|x64.ActiveCfg = Debug|x64
		{FFB789AB-90DD-4FBF-B0D8-8065E88BB2D5}.Debug|x64.Build.0 = Debug|x64
		{FFB789AB-90DD-4FBF-B0D8-8065E88BB2D5}.Debug|x86.ActiveCfg = Debug|Win32
		{FFB789AB-90DD-4FBF-B0D8-8065E88BB2D5}.Debug|x86.Build.0 = Debug|Win32
		{FFB789AB-90DD-4FBF-B0D8-8065E88BB2D5}.Release|x64.ActiveCfg = Release|x64
		{FFB789AB-90DD-4FBF-B0D8-8065E88BB2D5}.Release|x64.Build.0 = Release|x64
		{FFB789AB-90DD-4FBF-B0D8-8065E88BB2D5}.Release|x86.ActiveCfg = Release|Win32
		{FFB789AB-90DD-4FBF-B0D8-8065E88BB2D5}.Release|x86.Build.0 = Release|Win32
	EndGlobalSection
	GlobalSection(SolutionProperties) = preSolution
		HideSolutionNode = FALSE
	EndGlobalSection
	GlobalSection(ExtensibilityGlobals) = postSolution
		SolutionGuid = {7DB63213-E197-4F60-9455-2D2D0632BC17}
	EndGlobalSection
EndGlobal
